
Microsoft Visual Studio Solution File, Format Version 12.00
# Visual Studio Version 16
VisualStudioVersion = 16.0.30907.101
MinimumVisualStudioVersion = 10.0.40219.1
Project("{FAE04EC0-301F-11D3-BF4B-00C04F79EFBC}") = "ContactsWebApp", "ContactsWebApp.csproj", "{952F0AA8-31C3-441E-A592-532F7B40578C}"
EndProject
Project("{FAE04EC0-301F-11D3-BF4B-00C04F79EFBC}") = "ContactsWebApp.Tests", "..\ContactsWebApp.Tests\ContactsWebApp.Tests.csproj", "{B93D10D7-F9D0-4B2A-93FE-1C2B066A6C9B}"
EndProject
Global
	GlobalSection(SolutionConfigurationPlatforms) = preSolution
		Debug|Any CPU = Debug|Any CPU
		Release|Any CPU = Release|Any CPU
	EndGlobalSection
	GlobalSection(ProjectConfigurationPlatforms) = postSolution
		{952F0AA8-31C3-441E-A592-532F7B40578C}.Debug|Any CPU.ActiveCfg = Debug|Any CPU
		{952F0AA8-31C3-441E-A592-532F7B40578C}.Debug|Any CPU.Build.0 = Debug|Any CPU
		{952F0AA8-31C3-441E-A592-532F7B40578C}.Release|Any CPU.ActiveCfg = Release|Any CPU
		{952F0AA8-31C3-441E-A592-532F7B40578C}.Release|Any CPU.Build.0 = Release|Any CPU
		{B93D10D7-F9D0-4B2A-93FE-1C2B066A6C9B}.Debug|Any CPU.ActiveCfg = Debug|Any CPU
		{B93D10D7-F9D0-4B2A-93FE-1C2B066A6C9B}.Debug|Any CPU.Build.0 = Debug|Any CPU
		{B93D10D7-F9D0-4B2A-93FE-1C2B066A6C9B}.Release|Any CPU.ActiveCfg = Release|Any CPU
		{B93D10D7-F9D0-4B2A-93FE-1C2B066A6C9B}.Release|Any CPU.Build.0 = Release|Any CPU
	EndGlobalSection
	GlobalSection(SolutionProperties) = preSolution
		HideSolutionNode = FALSE
	EndGlobalSection
	GlobalSection(ExtensibilityGlobals) = postSolution
		SolutionGuid = {968BA500-A298-4C92-ADED-737471DAF9E9}
	EndGlobalSection
EndGlobal
